// !$*UTF8*$!
{
	archiveVersion = 1;
	classes = {
	};
	objectVersion = 56;
	objects = {

/* Begin PBXBuildFile section */
		9933D8592BF28ADD0061992F /* AppDelegate.swift in Sources */ = {isa = PBXBuildFile; fileRef = 9933D8582BF28ADD0061992F /* AppDelegate.swift */; };
		9933D85B2BF28ADD0061992F /* SceneDelegate.swift in Sources */ = {isa = PBXBuildFile; fileRef = 9933D85A2BF28ADD0061992F /* SceneDelegate.swift */; };
		9933D8602BF28ADD0061992F /* Base in Resources */ = {isa = PBXBuildFile; fileRef = 9933D85F2BF28ADD0061992F /* Base */; };
		9933D8622BF28ADE0061992F /* Assets.xcassets in Resources */ = {isa = PBXBuildFile; fileRef = 9933D8612BF28ADE0061992F /* Assets.xcassets */; };
		9933D8652BF28ADE0061992F /* Base in Resources */ = {isa = PBXBuildFile; fileRef = 9933D8642BF28ADE0061992F /* Base */; };
		9933D8702BF28ADE0061992F /* CardWorkoutTests.swift in Sources */ = {isa = PBXBuildFile; fileRef = 9933D86F2BF28ADE0061992F /* CardWorkoutTests.swift */; };
		9933D87A2BF28ADE0061992F /* CardWorkoutUITests.swift in Sources */ = {isa = PBXBuildFile; fileRef = 9933D8792BF28ADE0061992F /* CardWorkoutUITests.swift */; };
		9933D87C2BF28ADE0061992F /* CardWorkoutUITestsLaunchTests.swift in Sources */ = {isa = PBXBuildFile; fileRef = 9933D87B2BF28ADE0061992F /* CardWorkoutUITestsLaunchTests.swift */; };
		9933D8892BF28B540061992F /* CardSelectionVC.swift in Sources */ = {isa = PBXBuildFile; fileRef = 9933D8882BF28B540061992F /* CardSelectionVC.swift */; };
		99BEADAD2BF2BC15009F47AB /* Card.swift in Sources */ = {isa = PBXBuildFile; fileRef = 99BEADAC2BF2BC15009F47AB /* Card.swift */; };
/* End PBXBuildFile section */

/* Begin PBXContainerItemProxy section */
		9933D86C2BF28ADE0061992F /* PBXContainerItemProxy */ = {
			isa = PBXContainerItemProxy;
			containerPortal = 9933D84D2BF28ADD0061992F /* Project object */;
			proxyType = 1;
			remoteGlobalIDString = 9933D8542BF28ADD0061992F;
			remoteInfo = CardWorkout;
		};
		9933D8762BF28ADE0061992F /* PBXContainerItemProxy */ = {
			isa = PBXContainerItemProxy;
			containerPortal = 9933D84D2BF28ADD0061992F /* Project object */;
			proxyType = 1;
			remoteGlobalIDString = 9933D8542BF28ADD0061992F;
			remoteInfo = CardWorkout;
		};
/* End PBXContainerItemProxy section */

/* Begin PBXFileReference section */
		9933D8552BF28ADD0061992F /* CardWorkout.app */ = {isa = PBXFileReference; explicitFileType = wrapper.application; includeInIndex = 0; path = CardWorkout.app; sourceTree = BUILT_PRODUCTS_DIR; };
		9933D8582BF28ADD0061992F /* AppDelegate.swift */ = {isa = PBXFileReference; lastKnownFileType = sourcecode.swift; path = AppDelegate.swift; sourceTree = "<group>"; };
		9933D85A2BF28ADD0061992F /* SceneDelegate.swift */ = {isa = PBXFileReference; lastKnownFileType = sourcecode.swift; path = SceneDelegate.swift; sourceTree = "<group>"; };
		9933D85F2BF28ADD0061992F /* Base */ = {isa = PBXFileReference; lastKnownFileType = file.storyboard; name = Base; path = Base.lproj/Main.storyboard; sourceTree = "<group>"; };
		9933D8612BF28ADE0061992F /* Assets.xcassets */ = {isa = PBXFileReference; lastKnownFileType = folder.assetcatalog; path = Assets.xcassets; sourceTree = "<group>"; };
		9933D8642BF28ADE0061992F /* Base */ = {isa = PBXFileReference; lastKnownFileType = file.storyboard; name = Base; path = Base.lproj/LaunchScreen.storyboard; sourceTree = "<group>"; };
		9933D8662BF28ADE0061992F /* Info.plist */ = {isa = PBXFileReference; lastKnownFileType = text.plist.xml; path = Info.plist; sourceTree = "<group>"; };
		9933D86B2BF28ADE0061992F /* CardWorkoutTests.xctest */ = {isa = PBXFileReference; explicitFileType = wrapper.cfbundle; includeInIndex = 0; path = CardWorkoutTests.xctest; sourceTree = BUILT_PRODUCTS_DIR; };
		9933D86F2BF28ADE0061992F /* CardWorkoutTests.swift */ = {isa = PBXFileReference; lastKnownFileType = sourcecode.swift; path = CardWorkoutTests.swift; sourceTree = "<group>"; };
		9933D8752BF28ADE0061992F /* CardWorkoutUITests.xctest */ = {isa = PBXFileReference; explicitFileType = wrapper.cfbundle; includeInIndex = 0; path = CardWorkoutUITests.xctest; sourceTree = BUILT_PRODUCTS_DIR; };
		9933D8792BF28ADE0061992F /* CardWorkoutUITests.swift */ = {isa = PBXFileReference; lastKnownFileType = sourcecode.swift; path = CardWorkoutUITests.swift; sourceTree = "<group>"; };
		9933D87B2BF28ADE0061992F /* CardWorkoutUITestsLaunchTests.swift */ = {isa = PBXFileReference; lastKnownFileType = sourcecode.swift; path = CardWorkoutUITestsLaunchTests.swift; sourceTree = "<group>"; };
		9933D8882BF28B540061992F /* CardSelectionVC.swift */ = {isa = PBXFileReference; lastKnownFileType = sourcecode.swift; path = CardSelectionVC.swift; sourceTree = "<group>"; };
		99BEADAC2BF2BC15009F47AB /* Card.swift */ = {isa = PBXFileReference; lastKnownFileType = sourcecode.swift; path = Card.swift; sourceTree = "<group>"; };
/* End PBXFileReference section */

/* Begin PBXFrameworksBuildPhase section */
		9933D8522BF28ADD0061992F /* Frameworks */ = {
			isa = PBXFrameworksBuildPhase;
			buildActionMask = 2147483647;
			files = (
			);
			runOnlyForDeploymentPostprocessing = 0;
		};
		9933D8682BF28ADE0061992F /* Frameworks */ = {
			isa = PBXFrameworksBuildPhase;
			buildActionMask = 2147483647;
			files = (
			);
			runOnlyForDeploymentPostprocessing = 0;
		};
		9933D8722BF28ADE0061992F /* Frameworks */ = {
			isa = PBXFrameworksBuildPhase;
			buildActionMask = 2147483647;
			files = (
			);
			runOnlyForDeploymentPostprocessing = 0;
		};
/* End PBXFrameworksBuildPhase section */

/* Begin PBXGroup section */
		9933D84C2BF28ADD0061992F = {
			isa = PBXGroup;
			children = (
				9933D8572BF28ADD0061992F /* CardWorkout */,
				9933D86E2BF28ADE0061992F /* CardWorkoutTests */,
				9933D8782BF28ADE0061992F /* CardWorkoutUITests */,
				9933D8562BF28ADD0061992F /* Products */,
			);
			sourceTree = "<group>";
		};
		9933D8562BF28ADD0061992F /* Products */ = {
			isa = PBXGroup;
			children = (
				9933D8552BF28ADD0061992F /* CardWorkout.app */,
				9933D86B2BF28ADE0061992F /* CardWorkoutTests.xctest */,
				9933D8752BF28ADE0061992F /* CardWorkoutUITests.xctest */,
			);
			name = Products;
			sourceTree = "<group>";
		};
		9933D8572BF28ADD0061992F /* CardWorkout */ = {
			isa = PBXGroup;
			children = (
				9933D8582BF28ADD0061992F /* AppDelegate.swift */,
				9933D85A2BF28ADD0061992F /* SceneDelegate.swift */,
				9933D8882BF28B540061992F /* CardSelectionVC.swift */,
				99BEADAC2BF2BC15009F47AB /* Card.swift */,
				9933D85E2BF28ADD0061992F /* Main.storyboard */,
				9933D8612BF28ADE0061992F /* Assets.xcassets */,
				9933D8632BF28ADE0061992F /* LaunchScreen.storyboard */,
				9933D8662BF28ADE0061992F /* Info.plist */,
			);
			path = CardWorkout;
			sourceTree = "<group>";
		};
		9933D86E2BF28ADE0061992F /* CardWorkoutTests */ = {
			isa = PBXGroup;
			children = (
				9933D86F2BF28ADE0061992F /* CardWorkoutTests.swift */,
			);
			path = CardWorkoutTests;
			sourceTree = "<group>";
		};
		9933D8782BF28ADE0061992F /* CardWorkoutUITests */ = {
			isa = PBXGroup;
			children = (
				9933D8792BF28ADE0061992F /* CardWorkoutUITests.swift */,
				9933D87B2BF28ADE0061992F /* CardWorkoutUITestsLaunchTests.swift */,
			);
			path = CardWorkoutUITests;
			sourceTree = "<group>";
		};
/* End PBXGroup section */

/* Begin PBXNativeTarget section */
		9933D8542BF28ADD0061992F /* CardWorkout */ = {
			isa = PBXNativeTarget;
			buildConfigurationList = 9933D87F2BF28ADE0061992F /* Build configuration list for PBXNativeTarget "CardWorkout" */;
			buildPhases = (
				9933D8512BF28ADD0061992F /* Sources */,
				9933D8522BF28ADD0061992F /* Frameworks */,
				9933D8532BF28ADD0061992F /* Resources */,
			);
			buildRules = (
			);
			dependencies = (
			);
			name = CardWorkout;
			productName = CardWorkout;
			productReference = 9933D8552BF28ADD0061992F /* CardWorkout.app */;
			productType = "com.apple.product-type.application";
		};
		9933D86A2BF28ADE0061992F /* CardWorkoutTests */ = {
			isa = PBXNativeTarget;
			buildConfigurationList = 9933D8822BF28ADE0061992F /* Build configuration list for PBXNativeTarget "CardWorkoutTests" */;
			buildPhases = (
				9933D8672BF28ADE0061992F /* Sources */,
				9933D8682BF28ADE0061992F /* Frameworks */,
				9933D8692BF28ADE0061992F /* Resources */,
			);
			buildRules = (
			);
			dependencies = (
				9933D86D2BF28ADE0061992F /* PBXTargetDependency */,
			);
			name = CardWorkoutTests;
			productName = CardWorkoutTests;
			productReference = 9933D86B2BF28ADE0061992F /* CardWorkoutTests.xctest */;
			productType = "com.apple.product-type.bundle.unit-test";
		};
		9933D8742BF28ADE0061992F /* CardWorkoutUITests */ = {
			isa = PBXNativeTarget;
			buildConfigurationList = 9933D8852BF28ADE0061992F /* Build configuration list for PBXNativeTarget "CardWorkoutUITests" */;
			buildPhases = (
				9933D8712BF28ADE0061992F /* Sources */,
				9933D8722BF28ADE0061992F /* Frameworks */,
				9933D8732BF28ADE0061992F /* Resources */,
			);
			buildRules = (
			);
			dependencies = (
				9933D8772BF28ADE0061992F /* PBXTargetDependency */,
			);
			name = CardWorkoutUITests;
			productName = CardWorkoutUITests;
			productReference = 9933D8752BF28ADE0061992F /* CardWorkoutUITests.xctest */;
			productType = "com.apple.product-type.bundle.ui-testing";
		};
/* End PBXNativeTarget section */

/* Begin PBXProject section */
		9933D84D2BF28ADD0061992F /* Project object */ = {
			isa = PBXProject;
			attributes = {
				BuildIndependentTargetsInParallel = 1;
				LastSwiftUpdateCheck = 1530;
				LastUpgradeCheck = 1530;
				TargetAttributes = {
					9933D8542BF28ADD0061992F = {
						CreatedOnToolsVersion = 15.3;
					};
					9933D86A2BF28ADE0061992F = {
						CreatedOnToolsVersion = 15.3;
						TestTargetID = 9933D8542BF28ADD0061992F;
					};
					9933D8742BF28ADE0061992F = {
						CreatedOnToolsVersion = 15.3;
						TestTargetID = 9933D8542BF28ADD0061992F;
					};
				};
			};
			buildConfigurationList = 9933D8502BF28ADD0061992F /* Build configuration list for PBXProject "CardWorkout" */;
			compatibilityVersion = "Xcode 14.0";
			developmentRegion = en;
			hasScannedForEncodings = 0;
			knownRegions = (
				en,
				Base,
			);
			mainGroup = 9933D84C2BF28ADD0061992F;
			productRefGroup = 9933D8562BF28ADD0061992F /* Products */;
			projectDirPath = "";
			projectRoot = "";
			targets = (
				9933D8542BF28ADD0061992F /* CardWorkout */,
				9933D86A2BF28ADE0061992F /* CardWorkoutTests */,
				9933D8742BF28ADE0061992F /* CardWorkoutUITests */,
			);
		};
/* End PBXProject section */

/* Begin PBXResourcesBuildPhase section */
		9933D8532BF28ADD0061992F /* Resources */ = {
			isa = PBXResourcesBuildPhase;
			buildActionMask = 2147483647;
			files = (
				9933D8622BF28ADE0061992F /* Assets.xcassets in Resources */,
				9933D8652BF28ADE0061992F /* Base in Resources */,
				9933D8602BF28ADD0061992F /* Base in Resources */,
			);
			runOnlyForDeploymentPostprocessing = 0;
		};
		9933D8692BF28ADE0061992F /* Resources */ = {
			isa = PBXResourcesBuildPhase;
			buildActionMask = 2147483647;
			files = (
			);
			runOnlyForDeploymentPostprocessing = 0;
		};
		9933D8732BF28ADE0061992F /* Resources */ = {
			isa = PBXResourcesBuildPhase;
			buildActionMask = 2147483647;
			files = (
			);
			runOnlyForDeploymentPostprocessing = 0;
		};
/* End PBXResourcesBuildPhase section */

/* Begin PBXSourcesBuildPhase section */
		9933D8512BF28ADD0061992F /* Sources */ = {
			isa = PBXSourcesBuildPhase;
			buildActionMask = 2147483647;
			files = (
				9933D8592BF28ADD0061992F /* AppDelegate.swift in Sources */,
				9933D85B2BF28ADD0061992F /* SceneDelegate.swift in Sources */,
				9933D8892BF28B540061992F /* CardSelectionVC.swift in Sources */,
				99BEADAD2BF2BC15009F47AB /* Card.swift in Sources */,
			);
			runOnlyForDeploymentPostprocessing = 0;
		};
		9933D8672BF28ADE0061992F /* Sources */ = {
			isa = PBXSourcesBuildPhase;
			buildActionMask = 2147483647;
			files = (
				9933D8702BF28ADE0061992F /* CardWorkoutTests.swift in Sources */,
			);
			runOnlyForDeploymentPostprocessing = 0;
		};
		9933D8712BF28ADE0061992F /* Sources */ = {
			isa = PBXSourcesBuildPhase;
			buildActionMask = 2147483647;
			files = (
				9933D87C2BF28ADE0061992F /* CardWorkoutUITestsLaunchTests.swift in Sources */,
				9933D87A2BF28ADE0061992F /* CardWorkoutUITests.swift in Sources */,
			);
			runOnlyForDeploymentPostprocessing = 0;
		};
/* End PBXSourcesBuildPhase section */

/* Begin PBXTargetDependency section */
		9933D86D2BF28ADE0061992F /* PBXTargetDependency */ = {
			isa = PBXTargetDependency;
			target = 9933D8542BF28ADD0061992F /* CardWorkout */;
			targetProxy = 9933D86C2BF28ADE0061992F /* PBXContainerItemProxy */;
		};
		9933D8772BF28ADE0061992F /* PBXTargetDependency */ = {
			isa = PBXTargetDependency;
			target = 9933D8542BF28ADD0061992F /* CardWorkout */;
			targetProxy = 9933D8762BF28ADE0061992F /* PBXContainerItemProxy */;
		};
/* End PBXTargetDependency section */

/* Begin PBXVariantGroup section */
		9933D85E2BF28ADD0061992F /* Main.storyboard */ = {
			isa = PBXVariantGroup;
			children = (
				9933D85F2BF28ADD0061992F /* Base */,
			);
			name = Main.storyboard;
			sourceTree = "<group>";
		};
		9933D8632BF28ADE0061992F /* LaunchScreen.storyboard */ = {
			isa = PBXVariantGroup;
			children = (
				9933D8642BF28ADE0061992F /* Base */,
			);
			name = LaunchScreen.storyboard;
			sourceTree = "<group>";
		};
/* End PBXVariantGroup section */

/* Begin XCBuildConfiguration section */
		9933D87D2BF28ADE0061992F /* Debug */ = {
			isa = XCBuildConfiguration;
			buildSettings = {
				ALWAYS_SEARCH_USER_PATHS = NO;
				ASSETCATALOG_COMPILER_GENERATE_SWIFT_ASSET_SYMBOL_EXTENSIONS = YES;
				CLANG_ANALYZER_NONNULL = YES;
				CLANG_ANALYZER_NUMBER_OBJECT_CONVERSION = YES_AGGRESSIVE;
				CLANG_CXX_LANGUAGE_STANDARD = "gnu++20";
				CLANG_ENABLE_MODULES = YES;
				CLANG_ENABLE_OBJC_ARC = YES;
				CLANG_ENABLE_OBJC_WEAK = YES;
				CLANG_WARN_BLOCK_CAPTURE_AUTORELEASING = YES;
				CLANG_WARN_BOOL_CONVERSION = YES;
				CLANG_WARN_COMMA = YES;
				CLANG_WARN_CONSTANT_CONVERSION = YES;
				CLANG_WARN_DEPRECATED_OBJC_IMPLEMENTATIONS = YES;
				CLANG_WARN_DIRECT_OBJC_ISA_USAGE = YES_ERROR;
				CLANG_WARN_DOCUMENTATION_COMMENTS = YES;
				CLANG_WARN_EMPTY_BODY = YES;
				CLANG_WARN_ENUM_CONVERSION = YES;
				CLANG_WARN_INFINITE_RECURSION = YES;
				CLANG_WARN_INT_CONVERSION = YES;
				CLANG_WARN_NON_LITERAL_NULL_CONVERSION = YES;
				CLANG_WARN_OBJC_IMPLICIT_RETAIN_SELF = YES;
				CLANG_WARN_OBJC_LITERAL_CONVERSION = YES;
				CLANG_WARN_OBJC_ROOT_CLASS = YES_ERROR;
				CLANG_WARN_QUOTED_INCLUDE_IN_FRAMEWORK_HEADER = YES;
				CLANG_WARN_RANGE_LOOP_ANALYSIS = YES;
				CLANG_WARN_STRICT_PROTOTYPES = YES;
				CLANG_WARN_SUSPICIOUS_MOVE = YES;
				CLANG_WARN_UNGUARDED_AVAILABILITY = YES_AGGRESSIVE;
				CLANG_WARN_UNREACHABLE_CODE = YES;
				CLANG_WARN__DUPLICATE_METHOD_MATCH = YES;
				COPY_PHASE_STRIP = NO;
				DEBUG_INFORMATION_FORMAT = dwarf;
				ENABLE_STRICT_OBJC_MSGSEND = YES;
				ENABLE_TESTABILITY = YES;
				ENABLE_USER_SCRIPT_SANDBOXING = YES;
				GCC_C_LANGUAGE_STANDARD = gnu17;
				GCC_DYNAMIC_NO_PIC = NO;
				GCC_NO_COMMON_BLOCKS = YES;
				GCC_OPTIMIZATION_LEVEL = 0;
				GCC_PREPROCESSOR_DEFINITIONS = (
					"DEBUG=1",
					"$(inherited)",
				);
				GCC_WARN_64_TO_32_BIT_CONVERSION = YES;
				GCC_WARN_ABOUT_RETURN_TYPE = YES_ERROR;
				GCC_WARN_UNDECLARED_SELECTOR = YES;
				GCC_WARN_UNINITIALIZED_AUTOS = YES_AGGRESSIVE;
				GCC_WARN_UNUSED_FUNCTION = YES;
				GCC_WARN_UNUSED_VARIABLE = YES;
				IPHONEOS_DEPLOYMENT_TARGET = 17.4;
				LOCALIZATION_PREFERS_STRING_CATALOGS = YES;
				MTL_ENABLE_DEBUG_INFO = INCLUDE_SOURCE;
				MTL_FAST_MATH = YES;
				ONLY_ACTIVE_ARCH = YES;
				SDKROOT = iphoneos;
				SWIFT_ACTIVE_COMPILATION_CONDITIONS = "DEBUG $(inherited)";
				SWIFT_OPTIMIZATION_LEVEL = "-Onone";
			};
			name = Debug;
		};
		9933D87E2BF28ADE0061992F /* Release */ = {
			isa = XCBuildConfiguration;
			buildSettings = {
				ALWAYS_SEARCH_USER_PATHS = NO;
				ASSETCATALOG_COMPILER_GENERATE_SWIFT_ASSET_SYMBOL_EXTENSIONS = YES;
				CLANG_ANALYZER_NONNULL = YES;
				CLANG_ANALYZER_NUMBER_OBJECT_CONVERSION = YES_AGGRESSIVE;
				CLANG_CXX_LANGUAGE_STANDARD = "gnu++20";
				CLANG_ENABLE_MODULES = YES;
				CLANG_ENABLE_OBJC_ARC = YES;
				CLANG_ENABLE_OBJC_WEAK = YES;
				CLANG_WARN_BLOCK_CAPTURE_AUTORELEASING = YES;
				CLANG_WARN_BOOL_CONVERSION = YES;
				CLANG_WARN_COMMA = YES;
				CLANG_WARN_CONSTANT_CONVERSION = YES;
				CLANG_WARN_DEPRECATED_OBJC_IMPLEMENTATIONS = YES;
				CLANG_WARN_DIRECT_OBJC_ISA_USAGE = YES_ERROR;
				CLANG_WARN_DOCUMENTATION_COMMENTS = YES;
				CLANG_WARN_EMPTY_BODY = YES;
				CLANG_WARN_ENUM_CONVERSION = YES;
				CLANG_WARN_INFINITE_RECURSION = YES;
				CLANG_WARN_INT_CONVERSION = YES;
				CLANG_WARN_NON_LITERAL_NULL_CONVERSION = YES;
				CLANG_WARN_OBJC_IMPLICIT_RETAIN_SELF = YES;
				CLANG_WARN_OBJC_LITERAL_CONVERSION = YES;
				CLANG_WARN_OBJC_ROOT_CLASS = YES_ERROR;
				CLANG_WARN_QUOTED_INCLUDE_IN_FRAMEWORK_HEADER = YES;
				CLANG_WARN_RANGE_LOOP_ANALYSIS = YES;
				CLANG_WARN_STRICT_PROTOTYPES = YES;
				CLANG_WARN_SUSPICIOUS_MOVE = YES;
				CLANG_WARN_UNGUARDED_AVAILABILITY = YES_AGGRESSIVE;
				CLANG_WARN_UNREACHABLE_CODE = YES;
				CLANG_WARN__DUPLICATE_METHOD_MATCH = YES;
				COPY_PHASE_STRIP = NO;
				DEBUG_INFORMATION_FORMAT = "dwarf-with-dsym";
				ENABLE_NS_ASSERTIONS = NO;
				ENABLE_STRICT_OBJC_MSGSEND = YES;
				ENABLE_USER_SCRIPT_SANDBOXING = YES;
				GCC_C_LANGUAGE_STANDARD = gnu17;
				GCC_NO_COMMON_BLOCKS = YES;
				GCC_WARN_64_TO_32_BIT_CONVERSION = YES;
				GCC_WARN_ABOUT_RETURN_TYPE = YES_ERROR;
				GCC_WARN_UNDECLARED_SELECTOR = YES;
				GCC_WARN_UNINITIALIZED_AUTOS = YES_AGGRESSIVE;
				GCC_WARN_UNUSED_FUNCTION = YES;
				GCC_WARN_UNUSED_VARIABLE = YES;
				IPHONEOS_DEPLOYMENT_TARGET = 17.4;
				LOCALIZATION_PREFERS_STRING_CATALOGS = YES;
				MTL_ENABLE_DEBUG_INFO = NO;
				MTL_FAST_MATH = YES;
				SDKROOT = iphoneos;
				SWIFT_COMPILATION_MODE = wholemodule;
				VALIDATE_PRODUCT = YES;
			};
			name = Release;
		};
		9933D8802BF28ADE0061992F /* Debug */ = {
			isa = XCBuildConfiguration;
			buildSettings = {
				ASSETCATALOG_COMPILER_APPICON_NAME = AppIcon;
				ASSETCATALOG_COMPILER_GLOBAL_ACCENT_COLOR_NAME = AccentColor;
				CODE_SIGN_STYLE = Automatic;
				CURRENT_PROJECT_VERSION = 1;
				DEVELOPMENT_TEAM = 9588F7UA54;
				GENERATE_INFOPLIST_FILE = YES;
				INFOPLIST_FILE = CardWorkout/Info.plist;
				INFOPLIST_KEY_UIApplicationSupportsIndirectInputEvents = YES;
				INFOPLIST_KEY_UILaunchStoryboardName = LaunchScreen;
				INFOPLIST_KEY_UIMainStoryboardFile = Main;
				INFOPLIST_KEY_UISupportedInterfaceOrientations_iPad = "UIInterfaceOrientationPortrait UIInterfaceOrientationPortraitUpsideDown UIInterfaceOrientationLandscapeLeft UIInterfaceOrientationLandscapeRight";
				INFOPLIST_KEY_UISupportedInterfaceOrientations_iPhone = "UIInterfaceOrientationPortrait UIInterfaceOrientationLandscapeLeft UIInterfaceOrientationLandscapeRight";
				LD_RUNPATH_SEARCH_PATHS = (
					"$(inherited)",
					"@executable_path/Frameworks",
				);
				MARKETING_VERSION = 1.0;
				PRODUCT_BUNDLE_IDENTIFIER = com.Arican.CardWorkout;
				PRODUCT_NAME = "$(TARGET_NAME)";
				SWIFT_EMIT_LOC_STRINGS = YES;
				SWIFT_VERSION = 5.0;
				TARGETED_DEVICE_FAMILY = "1,2";
			};
			name = Debug;
		};
		9933D8812BF28ADE0061992F /* Release */ = {
			isa = XCBuildConfiguration;
			buildSettings = {
				ASSETCATALOG_COMPILER_APPICON_NAME = AppIcon;
				ASSETCATALOG_COMPILER_GLOBAL_ACCENT_COLOR_NAME = AccentColor;
				CODE_SIGN_STYLE = Automatic;
				CURRENT_PROJECT_VERSION = 1;
				DEVELOPMENT_TEAM = 9588F7UA54;
				GENERATE_INFOPLIST_FILE = YES;
				INFOPLIST_FILE = CardWorkout/Info.plist;
				INFOPLIST_KEY_UIApplicationSupportsIndirectInputEvents = YES;
				INFOPLIST_KEY_UILaunchStoryboardName = LaunchScreen;
				INFOPLIST_KEY_UIMainStoryboardFile = Main;
				INFOPLIST_KEY_UISupportedInterfaceOrientations_iPad = "UIInterfaceOrientationPortrait UIInterfaceOrientationPortraitUpsideDown UIInterfaceOrientationLandscapeLeft UIInterfaceOrientationLandscapeRight";
				INFOPLIST_KEY_UISupportedInterfaceOrientations_iPhone = "UIInterfaceOrientationPortrait UIInterfaceOrientationLandscapeLeft UIInterfaceOrientationLandscapeRight";
				LD_RUNPATH_SEARCH_PATHS = (
					"$(inherited)",
					"@executable_path/Frameworks",
				);
				MARKETING_VERSION = 1.0;
				PRODUCT_BUNDLE_IDENTIFIER = com.Arican.CardWorkout;
				PRODUCT_NAME = "$(TARGET_NAME)";
				SWIFT_EMIT_LOC_STRINGS = YES;
				SWIFT_VERSION = 5.0;
				TARGETED_DEVICE_FAMILY = "1,2";
			};
			name = Release;
		};
		9933D8832BF28ADE0061992F /* Debug */ = {
			isa = XCBuildConfiguration;
			buildSettings = {
				ALWAYS_EMBED_SWIFT_STANDARD_LIBRARIES = YES;
				BUNDLE_LOADER = "$(TEST_HOST)";
				CODE_SIGN_STYLE = Automatic;
				CURRENT_PROJECT_VERSION = 1;
				DEVELOPMENT_TEAM = 9588F7UA54;
				GENERATE_INFOPLIST_FILE = YES;
				IPHONEOS_DEPLOYMENT_TARGET = 17.4;
				MARKETING_VERSION = 1.0;
				PRODUCT_BUNDLE_IDENTIFIER = com.Arican.CardWorkoutTests;
				PRODUCT_NAME = "$(TARGET_NAME)";
				SWIFT_EMIT_LOC_STRINGS = NO;
				SWIFT_VERSION = 5.0;
				TARGETED_DEVICE_FAMILY = "1,2";
				TEST_HOST = "$(BUILT_PRODUCTS_DIR)/CardWorkout.app/$(BUNDLE_EXECUTABLE_FOLDER_PATH)/CardWorkout";
			};
			name = Debug;
		};
		9933D8842BF28ADE0061992F /* Release */ = {
			isa = XCBuildConfiguration;
			buildSettings = {
				ALWAYS_EMBED_SWIFT_STANDARD_LIBRARIES = YES;
				BUNDLE_LOADER = "$(TEST_HOST)";
				CODE_SIGN_STYLE = Automatic;
				CURRENT_PROJECT_VERSION = 1;
				DEVELOPMENT_TEAM = 9588F7UA54;
				GENERATE_INFOPLIST_FILE = YES;
				IPHONEOS_DEPLOYMENT_TARGET = 17.4;
				MARKETING_VERSION = 1.0;
				PRODUCT_BUNDLE_IDENTIFIER = com.Arican.CardWorkoutTests;
				PRODUCT_NAME = "$(TARGET_NAME)";
				SWIFT_EMIT_LOC_STRINGS = NO;
				SWIFT_VERSION = 5.0;
				TARGETED_DEVICE_FAMILY = "1,2";
				TEST_HOST = "$(BUILT_PRODUCTS_DIR)/CardWorkout.app/$(BUNDLE_EXECUTABLE_FOLDER_PATH)/CardWorkout";
			};
			name = Release;
		};
		9933D8862BF28ADE0061992F /* Debug */ = {
			isa = XCBuildConfiguration;
			buildSettings = {
				ALWAYS_EMBED_SWIFT_STANDARD_LIBRARIES = YES;
				CODE_SIGN_STYLE = Automatic;
				CURRENT_PROJECT_VERSION = 1;
				DEVELOPMENT_TEAM = 9588F7UA54;
				GENERATE_INFOPLIST_FILE = YES;
				MARKETING_VERSION = 1.0;
				PRODUCT_BUNDLE_IDENTIFIER = com.Arican.CardWorkoutUITests;
				PRODUCT_NAME = "$(TARGET_NAME)";
				SWIFT_EMIT_LOC_STRINGS = NO;
				SWIFT_VERSION = 5.0;
				TARGETED_DEVICE_FAMILY = "1,2";
				TEST_TARGET_NAME = CardWorkout;
			};
			name = Debug;
		};
		9933D8872BF28ADE0061992F /* Release */ = {
			isa = XCBuildConfiguration;
			buildSettings = {
				ALWAYS_EMBED_SWIFT_STANDARD_LIBRARIES = YES;
				CODE_SIGN_STYLE = Automatic;
				CURRENT_PROJECT_VERSION = 1;
				DEVELOPMENT_TEAM = 9588F7UA54;
				GENERATE_INFOPLIST_FILE = YES;
				MARKETING_VERSION = 1.0;
				PRODUCT_BUNDLE_IDENTIFIER = com.Arican.CardWorkoutUITests;
				PRODUCT_NAME = "$(TARGET_NAME)";
				SWIFT_EMIT_LOC_STRINGS = NO;
				SWIFT_VERSION = 5.0;
				TARGETED_DEVICE_FAMILY = "1,2";
				TEST_TARGET_NAME = CardWorkout;
			};
			name = Release;
		};
/* End XCBuildConfiguration section */

/* Begin XCConfigurationList section */
		9933D8502BF28ADD0061992F /* Build configuration list for PBXProject "CardWorkout" */ = {
			isa = XCConfigurationList;
			buildConfigurations = (
				9933D87D2BF28ADE0061992F /* Debug */,
				9933D87E2BF28ADE0061992F /* Release */,
			);
			defaultConfigurationIsVisible = 0;
			defaultConfigurationName = Release;
		};
		9933D87F2BF28ADE0061992F /* Build configuration list for PBXNativeTarget "CardWorkout" */ = {
			isa = XCConfigurationList;
			buildConfigurations = (
				9933D8802BF28ADE0061992F /* Debug */,
				9933D8812BF28ADE0061992F /* Release */,
			);
			defaultConfigurationIsVisible = 0;
			defaultConfigurationName = Release;
		};
		9933D8822BF28ADE0061992F /* Build configuration list for PBXNativeTarget "CardWorkoutTests" */ = {
			isa = XCConfigurationList;
			buildConfigurations = (
				9933D8832BF28ADE0061992F /* Debug */,
				9933D8842BF28ADE0061992F /* Release */,
			);
			defaultConfigurationIsVisible = 0;
			defaultConfigurationName = Release;
		};
		9933D8852BF28ADE0061992F /* Build configuration list for PBXNativeTarget "CardWorkoutUITests" */ = {
			isa = XCConfigurationList;
			buildConfigurations = (
				9933D8862BF28ADE0061992F /* Debug */,
				9933D8872BF28ADE0061992F /* Release */,
			);
			defaultConfigurationIsVisible = 0;
			defaultConfigurationName = Release;
		};
/* End XCConfigurationList section */
	};
	rootObject = 9933D84D2BF28ADD0061992F /* Project object */;
}
